// !$*UTF8*$!
{
	archiveVersion = 1;
	classes = {
	};
	objectVersion = 46;
	objects = {

/* Begin PBXBuildFile section */
		DEED65851D4871F000F7184B /* main.m in Sources */ = {isa = PBXBuildFile; fileRef = DEED65841D4871F000F7184B /* main.m */; };
		DEED65881D4871F000F7184B /* AppDelegate.m in Sources */ = {isa = PBXBuildFile; fileRef = DEED65871D4871F000F7184B /* AppDelegate.m */; };
		DEED658E1D4871F000F7184B /* Main.storyboard in Resources */ = {isa = PBXBuildFile; fileRef = DEED658C1D4871F000F7184B /* Main.storyboard */; };
		DEED65901D4871F000F7184B /* Assets.xcassets in Resources */ = {isa = PBXBuildFile; fileRef = DEED658F1D4871F000F7184B /* Assets.xcassets */; };
		DEED65931D4871F000F7184B /* LaunchScreen.storyboard in Resources */ = {isa = PBXBuildFile; fileRef = DEED65911D4871F000F7184B /* LaunchScreen.storyboard */; };
		DEED659C1D48906C00F7184B /* languageViewController.m in Sources */ = {isa = PBXBuildFile; fileRef = DEED659B1D48906C00F7184B /* languageViewController.m */; };
		DEED65A51D4C053800F7184B /* poojaListViewController.m in Sources */ = {isa = PBXBuildFile; fileRef = DEED65A41D4C053800F7184B /* poojaListViewController.m */; };
		DEED65A81D4C7FDE00F7184B /* poojaSelectedViewController.m in Sources */ = {isa = PBXBuildFile; fileRef = DEED65A71D4C7FDE00F7184B /* poojaSelectedViewController.m */; };
/* End PBXBuildFile section */

/* Begin PBXFileReference section */
		DEED65801D4871F000F7184B /* poojanam_v1.1.app */ = {isa = PBXFileReference; explicitFileType = wrapper.application; includeInIndex = 0; path = poojanam_v1.1.app; sourceTree = BUILT_PRODUCTS_DIR; };
		DEED65841D4871F000F7184B /* main.m */ = {isa = PBXFileReference; lastKnownFileType = sourcecode.c.objc; path = main.m; sourceTree = "<group>"; };
		DEED65861D4871F000F7184B /* AppDelegate.h */ = {isa = PBXFileReference; lastKnownFileType = sourcecode.c.h; path = AppDelegate.h; sourceTree = "<group>"; };
		DEED65871D4871F000F7184B /* AppDelegate.m */ = {isa = PBXFileReference; lastKnownFileType = sourcecode.c.objc; path = AppDelegate.m; sourceTree = "<group>"; };
		DEED658D1D4871F000F7184B /* Base */ = {isa = PBXFileReference; lastKnownFileType = file.storyboard; name = Base; path = Base.lproj/Main.storyboard; sourceTree = "<group>"; };
		DEED658F1D4871F000F7184B /* Assets.xcassets */ = {isa = PBXFileReference; lastKnownFileType = folder.assetcatalog; path = Assets.xcassets; sourceTree = "<group>"; };
		DEED65921D4871F000F7184B /* Base */ = {isa = PBXFileReference; lastKnownFileType = file.storyboard; name = Base; path = Base.lproj/LaunchScreen.storyboard; sourceTree = "<group>"; };
		DEED65941D4871F000F7184B /* Info.plist */ = {isa = PBXFileReference; lastKnownFileType = text.plist.xml; path = Info.plist; sourceTree = "<group>"; };
		DEED659A1D48906C00F7184B /* languageViewController.h */ = {isa = PBXFileReference; fileEncoding = 4; lastKnownFileType = sourcecode.c.h; path = languageViewController.h; sourceTree = "<group>"; };
		DEED659B1D48906C00F7184B /* languageViewController.m */ = {isa = PBXFileReference; fileEncoding = 4; lastKnownFileType = sourcecode.c.objc; path = languageViewController.m; sourceTree = "<group>"; };
		DEED65A31D4C053800F7184B /* poojaListViewController.h */ = {isa = PBXFileReference; fileEncoding = 4; lastKnownFileType = sourcecode.c.h; path = poojaListViewController.h; sourceTree = "<group>"; };
		DEED65A41D4C053800F7184B /* poojaListViewController.m */ = {isa = PBXFileReference; fileEncoding = 4; lastKnownFileType = sourcecode.c.objc; path = poojaListViewController.m; sourceTree = "<group>"; };
		DEED65A61D4C7FDE00F7184B /* poojaSelectedViewController.h */ = {isa = PBXFileReference; fileEncoding = 4; lastKnownFileType = sourcecode.c.h; path = poojaSelectedViewController.h; sourceTree = "<group>"; };
		DEED65A71D4C7FDE00F7184B /* poojaSelectedViewController.m */ = {isa = PBXFileReference; fileEncoding = 4; lastKnownFileType = sourcecode.c.objc; path = poojaSelectedViewController.m; sourceTree = "<group>"; };
/* End PBXFileReference section */

/* Begin PBXFrameworksBuildPhase section */
		DEED657D1D4871F000F7184B /* Frameworks */ = {
			isa = PBXFrameworksBuildPhase;
			buildActionMask = 2147483647;
			files = (
			);
			runOnlyForDeploymentPostprocessing = 0;
		};
/* End PBXFrameworksBuildPhase section */

/* Begin PBXGroup section */
		DEED65771D4871F000F7184B = {
			isa = PBXGroup;
			children = (
				DEED65821D4871F000F7184B /* poojanam_v1.1 */,
				DEED65811D4871F000F7184B /* Products */,
			);
			sourceTree = "<group>";
		};
		DEED65811D4871F000F7184B /* Products */ = {
			isa = PBXGroup;
			children = (
				DEED65801D4871F000F7184B /* poojanam_v1.1.app */,
			);
			name = Products;
			sourceTree = "<group>";
		};
		DEED65821D4871F000F7184B /* poojanam_v1.1 */ = {
			isa = PBXGroup;
			children = (
				DEED65861D4871F000F7184B /* AppDelegate.h */,
				DEED65871D4871F000F7184B /* AppDelegate.m */,
				DEED658C1D4871F000F7184B /* Main.storyboard */,
				DEED65A61D4C7FDE00F7184B /* poojaSelectedViewController.h */,
				DEED65A71D4C7FDE00F7184B /* poojaSelectedViewController.m */,
				DEED65A31D4C053800F7184B /* poojaListViewController.h */,
				DEED65A41D4C053800F7184B /* poojaListViewController.m */,
				DEED659A1D48906C00F7184B /* languageViewController.h */,
				DEED659B1D48906C00F7184B /* languageViewController.m */,
				DEED658F1D4871F000F7184B /* Assets.xcassets */,
				DEED65911D4871F000F7184B /* LaunchScreen.storyboard */,
				DEED65941D4871F000F7184B /* Info.plist */,
				DEED65831D4871F000F7184B /* Supporting Files */,
			);
			path = poojanam_v1.1;
			sourceTree = "<group>";
		};
		DEED65831D4871F000F7184B /* Supporting Files */ = {
			isa = PBXGroup;
			children = (
				DEED65841D4871F000F7184B /* main.m */,
			);
			name = "Supporting Files";
			sourceTree = "<group>";
		};
/* End PBXGroup section */

/* Begin PBXNativeTarget section */
		DEED657F1D4871F000F7184B /* poojanam_v1.1 */ = {
			isa = PBXNativeTarget;
			buildConfigurationList = DEED65971D4871F000F7184B /* Build configuration list for PBXNativeTarget "poojanam_v1.1" */;
			buildPhases = (
				DEED657C1D4871F000F7184B /* Sources */,
				DEED657D1D4871F000F7184B /* Frameworks */,
				DEED657E1D4871F000F7184B /* Resources */,
			);
			buildRules = (
			);
			dependencies = (
			);
			name = poojanam_v1.1;
			productName = poojanam_v1.1;
			productReference = DEED65801D4871F000F7184B /* poojanam_v1.1.app */;
			productType = "com.apple.product-type.application";
		};
/* End PBXNativeTarget section */

/* Begin PBXProject section */
		DEED65781D4871F000F7184B /* Project object */ = {
			isa = PBXProject;
			attributes = {
				LastUpgradeCheck = 0720;
				ORGANIZATIONNAME = "Mayur Pathak";
				TargetAttributes = {
					DEED657F1D4871F000F7184B = {
						CreatedOnToolsVersion = 7.2;
						DevelopmentTeam = FEXC5W9993;
					};
				};
			};
			buildConfigurationList = DEED657B1D4871F000F7184B /* Build configuration list for PBXProject "poojanam_v1.1" */;
			compatibilityVersion = "Xcode 3.2";
			developmentRegion = English;
			hasScannedForEncodings = 0;
			knownRegions = (
				en,
				Base,
			);
			mainGroup = DEED65771D4871F000F7184B;
			productRefGroup = DEED65811D4871F000F7184B /* Products */;
			projectDirPath = "";
			projectRoot = "";
			targets = (
				DEED657F1D4871F000F7184B /* poojanam_v1.1 */,
			);
		};
/* End PBXProject section */

/* Begin PBXResourcesBuildPhase section */
		DEED657E1D4871F000F7184B /* Resources */ = {
			isa = PBXResourcesBuildPhase;
			buildActionMask = 2147483647;
			files = (
				DEED65931D4871F000F7184B /* LaunchScreen.storyboard in Resources */,
				DEED65901D4871F000F7184B /* Assets.xcassets in Resources */,
				DEED658E1D4871F000F7184B /* Main.storyboard in Resources */,
			);
			runOnlyForDeploymentPostprocessing = 0;
		};
/* End PBXResourcesBuildPhase section */

/* Begin PBXSourcesBuildPhase section */
		DEED657C1D4871F000F7184B /* Sources */ = {
			isa = PBXSourcesBuildPhase;
			buildActionMask = 2147483647;
			files = (
				DEED65A51D4C053800F7184B /* poojaListViewController.m in Sources */,
				DEED65881D4871F000F7184B /* AppDelegate.m in Sources */,
				DEED659C1D48906C00F7184B /* languageViewController.m in Sources */,
				DEED65A81D4C7FDE00F7184B /* poojaSelectedViewController.m in Sources */,
				DEED65851D4871F000F7184B /* main.m in Sources */,
			);
			runOnlyForDeploymentPostprocessing = 0;
		};
/* End PBXSourcesBuildPhase section */

/* Begin PBXVariantGroup section */
		DEED658C1D4871F000F7184B /* Main.storyboard */ = {
			isa = PBXVariantGroup;
			children = (
				DEED658D1D4871F000F7184B /* Base */,
			);
			name = Main.storyboard;
			sourceTree = "<group>";
		};
		DEED65911D4871F000F7184B /* LaunchScreen.storyboard */ = {
			isa = PBXVariantGroup;
			children = (
				DEED65921D4871F000F7184B /* Base */,
			);
			name = LaunchScreen.storyboard;
			sourceTree = "<group>";
		};
/* End PBXVariantGroup section */

/* Begin XCBuildConfiguration section */
		DEED65951D4871F000F7184B /* Debug */ = {
			isa = XCBuildConfiguration;
			buildSettings = {
				ALWAYS_SEARCH_USER_PATHS = NO;
				CLANG_CXX_LANGUAGE_STANDARD = "gnu++0x";
				CLANG_CXX_LIBRARY = "libc++";
				CLANG_ENABLE_MODULES = YES;
				CLANG_ENABLE_OBJC_ARC = YES;
				CLANG_WARN_BOOL_CONVERSION = YES;
				CLANG_WARN_CONSTANT_CONVERSION = YES;
				CLANG_WARN_DIRECT_OBJC_ISA_USAGE = YES_ERROR;
				CLANG_WARN_EMPTY_BODY = YES;
				CLANG_WARN_ENUM_CONVERSION = YES;
				CLANG_WARN_INT_CONVERSION = YES;
				CLANG_WARN_OBJC_ROOT_CLASS = YES_ERROR;
				CLANG_WARN_UNREACHABLE_CODE = YES;
				CLANG_WARN__DUPLICATE_METHOD_MATCH = YES;
				"CODE_SIGN_IDENTITY[sdk=iphoneos*]" = "iPhone Developer";
				COPY_PHASE_STRIP = NO;
				DEBUG_INFORMATION_FORMAT = dwarf;
				ENABLE_STRICT_OBJC_MSGSEND = YES;
				ENABLE_TESTABILITY = YES;
				GCC_C_LANGUAGE_STANDARD = gnu99;
				GCC_DYNAMIC_NO_PIC = NO;
				GCC_NO_COMMON_BLOCKS = YES;
				GCC_OPTIMIZATION_LEVEL = 0;
				GCC_PREPROCESSOR_DEFINITIONS = (
					"DEBUG=1",
					"$(inherited)",
				);
				GCC_WARN_64_TO_32_BIT_CONVERSION = YES;
				GCC_WARN_ABOUT_RETURN_TYPE = YES_ERROR;
				GCC_WARN_UNDECLARED_SELECTOR = YES;
				GCC_WARN_UNINITIALIZED_AUTOS = YES_AGGRESSIVE;
				GCC_WARN_UNUSED_FUNCTION = YES;
				GCC_WARN_UNUSED_VARIABLE = YES;
				IPHONEOS_DEPLOYMENT_TARGET = 9.2;
				MTL_ENABLE_DEBUG_INFO = YES;
				ONLY_ACTIVE_ARCH = YES;
				SDKROOT = iphoneos;
			};
			name = Debug;
		};
		DEED65961D4871F000F7184B /* Release */ = {
			isa = XCBuildConfiguration;
			buildSettings = {
				ALWAYS_SEARCH_USER_PATHS = NO;
				CLANG_CXX_LANGUAGE_STANDARD = "gnu++0x";
				CLANG_CXX_LIBRARY = "libc++";
				CLANG_ENABLE_MODULES = YES;
				CLANG_ENABLE_OBJC_ARC = YES;
				CLANG_WARN_BOOL_CONVERSION = YES;
				CLANG_WARN_CONSTANT_CONVERSION = YES;
				CLANG_WARN_DIRECT_OBJC_ISA_USAGE = YES_ERROR;
				CLANG_WARN_EMPTY_BODY = YES;
				CLANG_WARN_ENUM_CONVERSION = YES;
				CLANG_WARN_INT_CONVERSION = YES;
				CLANG_WARN_OBJC_ROOT_CLASS = YES_ERROR;
				CLANG_WARN_UNREACHABLE_CODE = YES;
				CLANG_WARN__DUPLICATE_METHOD_MATCH = YES;
				"CODE_SIGN_IDENTITY[sdk=iphoneos*]" = "iPhone Developer";
				COPY_PHASE_STRIP = NO;
				DEBUG_INFORMATION_FORMAT = "dwarf-with-dsym";
				ENABLE_NS_ASSERTIONS = NO;
				ENABLE_STRICT_OBJC_MSGSEND = YES;
				GCC_C_LANGUAGE_STANDARD = gnu99;
				GCC_NO_COMMON_BLOCKS = YES;
				GCC_WARN_64_TO_32_BIT_CONVERSION = YES;
				GCC_WARN_ABOUT_RETURN_TYPE = YES_ERROR;
				GCC_WARN_UNDECLARED_SELECTOR = YES;
				GCC_WARN_UNINITIALIZED_AUTOS = YES_AGGRESSIVE;
				GCC_WARN_UNUSED_FUNCTION = YES;
				GCC_WARN_UNUSED_VARIABLE = YES;
				IPHONEOS_DEPLOYMENT_TARGET = 9.2;
				MTL_ENABLE_DEBUG_INFO = NO;
				SDKROOT = iphoneos;
				VALIDATE_PRODUCT = YES;
			};
			name = Release;
		};
		DEED65981D4871F000F7184B /* Debug */ = {
			isa = XCBuildConfiguration;
			buildSettings = {
				ASSETCATALOG_COMPILER_APPICON_NAME = AppIcon;
				INFOPLIST_FILE = poojanam_v1.1/Info.plist;
				LD_RUNPATH_SEARCH_PATHS = "$(inherited) @executable_path/Frameworks";
				PRODUCT_BUNDLE_IDENTIFIER = "com.poojanam-v1-1";
				PRODUCT_NAME = "$(TARGET_NAME)";
			};
			name = Debug;
		};
		DEED65991D4871F000F7184B /* Release */ = {
			isa = XCBuildConfiguration;
			buildSettings = {
				ASSETCATALOG_COMPILER_APPICON_NAME = AppIcon;
				INFOPLIST_FILE = poojanam_v1.1/Info.plist;
				LD_RUNPATH_SEARCH_PATHS = "$(inherited) @executable_path/Frameworks";
				PRODUCT_BUNDLE_IDENTIFIER = "com.poojanam-v1-1";
				PRODUCT_NAME = "$(TARGET_NAME)";
			};
			name = Release;
		};
/* End XCBuildConfiguration section */

/* Begin XCConfigurationList section */
		DEED657B1D4871F000F7184B /* Build configuration list for PBXProject "poojanam_v1.1" */ = {
			isa = XCConfigurationList;
			buildConfigurations = (
				DEED65951D4871F000F7184B /* Debug */,
				DEED65961D4871F000F7184B /* Release */,
			);
			defaultConfigurationIsVisible = 0;
			defaultConfigurationName = Release;
		};
		DEED65971D4871F000F7184B /* Build configuration list for PBXNativeTarget "poojanam_v1.1" */ = {
			isa = XCConfigurationList;
			buildConfigurations = (
				DEED65981D4871F000F7184B /* Debug */,
				DEED65991D4871F000F7184B /* Release */,
			);
			defaultConfigurationIsVisible = 0;
			defaultConfigurationName = Release;
		};
/* End XCConfigurationList section */
	};
	rootObject = DEED65781D4871F000F7184B /* Project object */;
}
